
Microsoft Visual Studio Solution File, Format Version 12.00
# Visual Studio Version 16
VisualStudioVersion = 16.0.31729.503
MinimumVisualStudioVersion = 10.0.40219.1
Project("{FAE04EC0-301F-11D3-BF4B-00C04F79EFBC}") = "threeInARow", "threeInARow\threeInARow.csproj", "{A88ABF2E-3E90-4A1A-B2BE-F31FA299087E}"
EndProject
Project("{FAE04EC0-301F-11D3-BF4B-00C04F79EFBC}") = "Test", "Test\Test.csproj", "{A280590E-5F24-4750-8909-D4B357CD0199}"
EndProject
Global
	GlobalSection(SolutionConfigurationPlatforms) = preSolution
		Debug|Any CPU = Debug|Any CPU
		Release|Any CPU = Release|Any CPU
	EndGlobalSection
	GlobalSection(ProjectConfigurationPlatforms) = postSolution
		{A88ABF2E-3E90-4A1A-B2BE-F31FA299087E}.Debug|Any CPU.ActiveCfg = Debug|Any CPU
		{A88ABF2E-3E90-4A1A-B2BE-F31FA299087E}.Debug|Any CPU.Build.0 = Debug|Any CPU
		{A88ABF2E-3E90-4A1A-B2BE-F31FA299087E}.Release|Any CPU.ActiveCfg = Release|Any CPU
		{A88ABF2E-3E90-4A1A-B2BE-F31FA299087E}.Release|Any CPU.Build.0 = Release|Any CPU
		{A280590E-5F24-4750-8909-D4B357CD0199}.Debug|Any CPU.ActiveCfg = Debug|Any CPU
		{A280590E-5F24-4750-8909-D4B357CD0199}.Debug|Any CPU.Build.0 = Debug|Any CPU
		{A280590E-5F24-4750-8909-D4B357CD0199}.Release|Any CPU.ActiveCfg = Release|Any CPU
		{A280590E-5F24-4750-8909-D4B357CD0199}.Release|Any CPU.Build.0 = Release|Any CPU
	EndGlobalSection
	GlobalSection(SolutionProperties) = preSolution
		HideSolutionNode = FALSE
	EndGlobalSection
	GlobalSection(ExtensibilityGlobals) = postSolution
		SolutionGuid = {6D220EFC-5B1F-4900-93C4-E649146E8A81}
	EndGlobalSection
EndGlobal
